
Microsoft Visual Studio Solution File, Format Version 12.00
# Visual Studio Version 17
VisualStudioVersion = 17.10.34928.147
MinimumVisualStudioVersion = 10.0.40219.1
Project("{FAE04EC0-301F-11D3-BF4B-00C04F79EFBC}") = "bai11", "bai11\bai11.csproj", "{5CBC58E4-5F37-4AE9-87BC-7FFA7529FF0F}"
EndProject
Project("{FAE04EC0-301F-11D3-BF4B-00C04F79EFBC}") = "bai11_test", "bai11_test\bai11_test.csproj", "{1B39D1F4-E3BC-429A-9CB6-04EC700BDB74}"
EndProject
Global
	GlobalSection(SolutionConfigurationPlatforms) = preSolution
		Debug|Any CPU = Debug|Any CPU
		Release|Any CPU = Release|Any CPU
	EndGlobalSection
	GlobalSection(ProjectConfigurationPlatforms) = postSolution
		{5CBC58E4-5F37-4AE9-87BC-7FFA7529FF0F}.Debug|Any CPU.ActiveCfg = Debug|Any CPU
		{5CBC58E4-5F37-4AE9-87BC-7FFA7529FF0F}.Debug|Any CPU.Build.0 = Debug|Any CPU
		{5CBC58E4-5F37-4AE9-87BC-7FFA7529FF0F}.Release|Any CPU.ActiveCfg = Release|Any CPU
		{5CBC58E4-5F37-4AE9-87BC-7FFA7529FF0F}.Release|Any CPU.Build.0 = Release|Any CPU
		{1B39D1F4-E3BC-429A-9CB6-04EC700BDB74}.Debug|Any CPU.ActiveCfg = Debug|Any CPU
		{1B39D1F4-E3BC-429A-9CB6-04EC700BDB74}.Debug|Any CPU.Build.0 = Debug|Any CPU
		{1B39D1F4-E3BC-429A-9CB6-04EC700BDB74}.Release|Any CPU.ActiveCfg = Release|Any CPU
		{1B39D1F4-E3BC-429A-9CB6-04EC700BDB74}.Release|Any CPU.Build.0 = Release|Any CPU
	EndGlobalSection
	GlobalSection(SolutionProperties) = preSolution
		HideSolutionNode = FALSE
	EndGlobalSection
	GlobalSection(ExtensibilityGlobals) = postSolution
		SolutionGuid = {D14DB2F4-61EC-4956-B92E-4802B49A43E8}
	EndGlobalSection
EndGlobal
